
Microsoft Visual Studio Solution File, Format Version 12.00
# Visual Studio 15
Project("{FAE04EC0-301F-11D3-BF4B-00C04F79EFBC}") = "Assembly-CSharp", "Assembly-CSharp.csproj", "{4EED8795-21C9-6FBB-118A-7F05900E9523}"
EndProject
Project("{FAE04EC0-301F-11D3-BF4B-00C04F79EFBC}") = "Assembly-CSharp-Editor", "Assembly-CSharp-Editor.csproj", "{7B9771FE-5CA6-E038-14E6-8618C0613D61}"
EndProject
Global
	GlobalSection(SolutionConfigurationPlatforms) = preSolution
		Debug|Any CPU = Debug|Any CPU
		Release|Any CPU = Release|Any CPU
	EndGlobalSection
	GlobalSection(ProjectConfigurationPlatforms) = postSolution
		{4EED8795-21C9-6FBB-118A-7F05900E9523}.Debug|Any CPU.ActiveCfg = Debug|Any CPU
		{4EED8795-21C9-6FBB-118A-7F05900E9523}.Debug|Any CPU.Build.0 = Debug|Any CPU
		{4EED8795-21C9-6FBB-118A-7F05900E9523}.Release|Any CPU.ActiveCfg = Release|Any CPU
		{4EED8795-21C9-6FBB-118A-7F05900E9523}.Release|Any CPU.Build.0 = Release|Any CPU
		{7B9771FE-5CA6-E038-14E6-8618C0613D61}.Debug|Any CPU.ActiveCfg = Debug|Any CPU
		{7B9771FE-5CA6-E038-14E6-8618C0613D61}.Debug|Any CPU.Build.0 = Debug|Any CPU
		{7B9771FE-5CA6-E038-14E6-8618C0613D61}.Release|Any CPU.ActiveCfg = Release|Any CPU
		{7B9771FE-5CA6-E038-14E6-8618C0613D61}.Release|Any CPU.Build.0 = Release|Any CPU
	EndGlobalSection
	GlobalSection(SolutionProperties) = preSolution
		HideSolutionNode = FALSE
	EndGlobalSection
EndGlobal
