
Microsoft Visual Studio Solution File, Format Version 12.00
# Visual Studio 15
Project("{FAE04EC0-301F-11D3-BF4B-00C04F79EFBC}") = "Assembly-CSharp", "Assembly-CSharp.csproj", "{1AAC0B10-842C-9EA5-6C01-88A620876FA6}"
EndProject
Project("{FAE04EC0-301F-11D3-BF4B-00C04F79EFBC}") = "Assembly-CSharp-Editor", "Assembly-CSharp-Editor.csproj", "{B875E3AA-46E6-667A-2EE2-3C4A62DD15D6}"
EndProject
Global
	GlobalSection(SolutionConfigurationPlatforms) = preSolution
		Debug|Any CPU = Debug|Any CPU
		Release|Any CPU = Release|Any CPU
	EndGlobalSection
	GlobalSection(ProjectConfigurationPlatforms) = postSolution
		{1AAC0B10-842C-9EA5-6C01-88A620876FA6}.Debug|Any CPU.ActiveCfg = Debug|Any CPU
		{1AAC0B10-842C-9EA5-6C01-88A620876FA6}.Debug|Any CPU.Build.0 = Debug|Any CPU
		{1AAC0B10-842C-9EA5-6C01-88A620876FA6}.Release|Any CPU.ActiveCfg = Release|Any CPU
		{1AAC0B10-842C-9EA5-6C01-88A620876FA6}.Release|Any CPU.Build.0 = Release|Any CPU
		{B875E3AA-46E6-667A-2EE2-3C4A62DD15D6}.Debug|Any CPU.ActiveCfg = Debug|Any CPU
		{B875E3AA-46E6-667A-2EE2-3C4A62DD15D6}.Debug|Any CPU.Build.0 = Debug|Any CPU
		{B875E3AA-46E6-667A-2EE2-3C4A62DD15D6}.Release|Any CPU.ActiveCfg = Release|Any CPU
		{B875E3AA-46E6-667A-2EE2-3C4A62DD15D6}.Release|Any CPU.Build.0 = Release|Any CPU
	EndGlobalSection
	GlobalSection(SolutionProperties) = preSolution
		HideSolutionNode = FALSE
	EndGlobalSection
EndGlobal
